
Microsoft Visual Studio Solution File, Format Version 12.00
# Visual Studio Version 16
VisualStudioVersion = 16.0.30413.136
MinimumVisualStudioVersion = 10.0.40219.1
Project("{9A19103F-16F7-4668-BE54-9A1E7A4F7556}") = "ManUtdBot.Functions", "src\ManUtdBot.Functions\ManUtdBot.Functions.csproj", "{AF848627-7AF7-497B-B516-F9B448B0711E}"
EndProject
Project("{9A19103F-16F7-4668-BE54-9A1E7A4F7556}") = "Shared", "src\Shared\Shared.csproj", "{57B44502-308D-4CC3-8E31-5332A290C910}"
EndProject
Global
	GlobalSection(SolutionConfigurationPlatforms) = preSolution
		Debug|Any CPU = Debug|Any CPU
		Release|Any CPU = Release|Any CPU
	EndGlobalSection
	GlobalSection(ProjectConfigurationPlatforms) = postSolution
		{AF848627-7AF7-497B-B516-F9B448B0711E}.Debug|Any CPU.ActiveCfg = Debug|Any CPU
		{AF848627-7AF7-497B-B516-F9B448B0711E}.Debug|Any CPU.Build.0 = Debug|Any CPU
		{AF848627-7AF7-497B-B516-F9B448B0711E}.Release|Any CPU.ActiveCfg = Release|Any CPU
		{AF848627-7AF7-497B-B516-F9B448B0711E}.Release|Any CPU.Build.0 = Release|Any CPU
		{57B44502-308D-4CC3-8E31-5332A290C910}.Debug|Any CPU.ActiveCfg = Debug|Any CPU
		{57B44502-308D-4CC3-8E31-5332A290C910}.Debug|Any CPU.Build.0 = Debug|Any CPU
		{57B44502-308D-4CC3-8E31-5332A290C910}.Release|Any CPU.ActiveCfg = Release|Any CPU
		{57B44502-308D-4CC3-8E31-5332A290C910}.Release|Any CPU.Build.0 = Release|Any CPU
	EndGlobalSection
	GlobalSection(SolutionProperties) = preSolution
		HideSolutionNode = FALSE
	EndGlobalSection
	GlobalSection(ExtensibilityGlobals) = postSolution
		SolutionGuid = {55260915-BC0A-40B5-8C0D-B388A7C978D4}
	EndGlobalSection
EndGlobal
